// !$*UTF8*$!
{
	archiveVersion = 1;
	classes = {
	};
	objectVersion = 50;
	objects = {

/* Begin PBXBuildFile section */
		B000D8D322DEC185001C2772 /* DocumentManager.swift in Sources */ = {isa = PBXBuildFile; fileRef = B05CFC9122DDC10000EA8D6B /* DocumentManager.swift */; };
		B00CD22622D47551000EDB9F /* SceneDelegate.swift in Sources */ = {isa = PBXBuildFile; fileRef = B00CD22522D47551000EDB9F /* SceneDelegate.swift */; };
		B0323B4B2297DFB500802442 /* ThumbnailProvider.swift in Sources */ = {isa = PBXBuildFile; fileRef = B0323B4A2297DFB500802442 /* ThumbnailProvider.swift */; };
		B0323B4F2297DFB500802442 /* BlocksThumbnailExtension.appex in Embed App Extensions */ = {isa = PBXBuildFile; fileRef = B0323B482297DFB500802442 /* BlocksThumbnailExtension.appex */; settings = {ATTRIBUTES = (RemoveHeadersOnCopy, ); }; };
		B0323B542297E70900802442 /* Document.swift in Sources */ = {isa = PBXBuildFile; fileRef = B0462B102282BC67000522BB /* Document.swift */; };
		B0323B552297E70E00802442 /* DocumentViewController.swift in Sources */ = {isa = PBXBuildFile; fileRef = B0462B0E2282BC67000522BB /* DocumentViewController.swift */; };
		B0323B562297E71D00802442 /* BlockView.swift in Sources */ = {isa = PBXBuildFile; fileRef = B0EB13A422850091002C326A /* BlockView.swift */; };
		B0323B572297E71D00802442 /* Color.swift in Sources */ = {isa = PBXBuildFile; fileRef = B0EB13E922856CED002C326A /* Color.swift */; };
		B0323B592297E74200802442 /* Block.swift in Sources */ = {isa = PBXBuildFile; fileRef = B0EB13E7228562F4002C326A /* Block.swift */; };
		B0323B5B2297E75600802442 /* BlockChange.swift in Sources */ = {isa = PBXBuildFile; fileRef = B0E0E2612287E544007E95D1 /* BlockChange.swift */; };
		B0462B0B2282BC67000522BB /* AppDelegate.swift in Sources */ = {isa = PBXBuildFile; fileRef = B0462B0A2282BC67000522BB /* AppDelegate.swift */; };
		B0462B0D2282BC67000522BB /* DocumentBrowserViewController.swift in Sources */ = {isa = PBXBuildFile; fileRef = B0462B0C2282BC67000522BB /* DocumentBrowserViewController.swift */; };
		B0462B0F2282BC67000522BB /* DocumentViewController.swift in Sources */ = {isa = PBXBuildFile; fileRef = B0462B0E2282BC67000522BB /* DocumentViewController.swift */; };
		B0462B112282BC67000522BB /* Document.swift in Sources */ = {isa = PBXBuildFile; fileRef = B0462B102282BC67000522BB /* Document.swift */; };
		B0462B142282BC67000522BB /* Main.storyboard in Resources */ = {isa = PBXBuildFile; fileRef = B0462B122282BC67000522BB /* Main.storyboard */; };
		B0462B162282BC69000522BB /* Assets.xcassets in Resources */ = {isa = PBXBuildFile; fileRef = B0462B152282BC69000522BB /* Assets.xcassets */; };
		B0462B192282BC69000522BB /* LaunchScreen.storyboard in Resources */ = {isa = PBXBuildFile; fileRef = B0462B172282BC69000522BB /* LaunchScreen.storyboard */; };
		B0462B242282BC69000522BB /* BlocksTests.swift in Sources */ = {isa = PBXBuildFile; fileRef = B0462B232282BC69000522BB /* BlocksTests.swift */; };
		B0462B2F2282BC69000522BB /* BlocksUITests.swift in Sources */ = {isa = PBXBuildFile; fileRef = B0462B2E2282BC69000522BB /* BlocksUITests.swift */; };
		B05CFC9222DDC10000EA8D6B /* DocumentManager.swift in Sources */ = {isa = PBXBuildFile; fileRef = B05CFC9122DDC10000EA8D6B /* DocumentManager.swift */; };
		B0E0E2622287E544007E95D1 /* BlockChange.swift in Sources */ = {isa = PBXBuildFile; fileRef = B0E0E2612287E544007E95D1 /* BlockChange.swift */; };
		B0E426DA229926850078564A /* ShowAlert.swift in Sources */ = {isa = PBXBuildFile; fileRef = B0E426D9229926850078564A /* ShowAlert.swift */; };
		B0E426DB229928310078564A /* ShowAlert.swift in Sources */ = {isa = PBXBuildFile; fileRef = B0E426D9229926850078564A /* ShowAlert.swift */; };
		B0EB13A522850091002C326A /* BlockView.swift in Sources */ = {isa = PBXBuildFile; fileRef = B0EB13A422850091002C326A /* BlockView.swift */; };
		B0EB13E8228562F4002C326A /* Block.swift in Sources */ = {isa = PBXBuildFile; fileRef = B0EB13E7228562F4002C326A /* Block.swift */; };
		B0EB13EA22856CED002C326A /* Color.swift in Sources */ = {isa = PBXBuildFile; fileRef = B0EB13E922856CED002C326A /* Color.swift */; };
/* End PBXBuildFile section */

/* Begin PBXContainerItemProxy section */
		B0323B4D2297DFB500802442 /* PBXContainerItemProxy */ = {
			isa = PBXContainerItemProxy;
			containerPortal = B0462AFF2282BC67000522BB /* Project object */;
			proxyType = 1;
			remoteGlobalIDString = B0323B472297DFB500802442;
			remoteInfo = BlocksThumbnailExtension;
		};
		B0462B202282BC69000522BB /* PBXContainerItemProxy */ = {
			isa = PBXContainerItemProxy;
			containerPortal = B0462AFF2282BC67000522BB /* Project object */;
			proxyType = 1;
			remoteGlobalIDString = B0462B062282BC67000522BB;
			remoteInfo = Blocks;
		};
		B0462B2B2282BC69000522BB /* PBXContainerItemProxy */ = {
			isa = PBXContainerItemProxy;
			containerPortal = B0462AFF2282BC67000522BB /* Project object */;
			proxyType = 1;
			remoteGlobalIDString = B0462B062282BC67000522BB;
			remoteInfo = Blocks;
		};
/* End PBXContainerItemProxy section */

/* Begin PBXCopyFilesBuildPhase section */
		B0323B532297DFB500802442 /* Embed App Extensions */ = {
			isa = PBXCopyFilesBuildPhase;
			buildActionMask = 2147483647;
			dstPath = "";
			dstSubfolderSpec = 13;
			files = (
				B0323B4F2297DFB500802442 /* BlocksThumbnailExtension.appex in Embed App Extensions */,
			);
			name = "Embed App Extensions";
			runOnlyForDeploymentPostprocessing = 0;
		};
/* End PBXCopyFilesBuildPhase section */

/* Begin PBXFileReference section */
		B00CD22522D47551000EDB9F /* SceneDelegate.swift */ = {isa = PBXFileReference; lastKnownFileType = sourcecode.swift; path = SceneDelegate.swift; sourceTree = "<group>"; };
		B0323B482297DFB500802442 /* BlocksThumbnailExtension.appex */ = {isa = PBXFileReference; explicitFileType = "wrapper.app-extension"; includeInIndex = 0; path = BlocksThumbnailExtension.appex; sourceTree = BUILT_PRODUCTS_DIR; };
		B0323B4A2297DFB500802442 /* ThumbnailProvider.swift */ = {isa = PBXFileReference; lastKnownFileType = sourcecode.swift; path = ThumbnailProvider.swift; sourceTree = "<group>"; };
		B0323B4C2297DFB500802442 /* Info.plist */ = {isa = PBXFileReference; lastKnownFileType = text.plist.xml; path = Info.plist; sourceTree = "<group>"; };
		B0462B072282BC67000522BB /* Blocks.app */ = {isa = PBXFileReference; explicitFileType = wrapper.application; includeInIndex = 0; path = Blocks.app; sourceTree = BUILT_PRODUCTS_DIR; };
		B0462B0A2282BC67000522BB /* AppDelegate.swift */ = {isa = PBXFileReference; lastKnownFileType = sourcecode.swift; path = AppDelegate.swift; sourceTree = "<group>"; };
		B0462B0C2282BC67000522BB /* DocumentBrowserViewController.swift */ = {isa = PBXFileReference; lastKnownFileType = sourcecode.swift; path = DocumentBrowserViewController.swift; sourceTree = "<group>"; };
		B0462B0E2282BC67000522BB /* DocumentViewController.swift */ = {isa = PBXFileReference; lastKnownFileType = sourcecode.swift; path = DocumentViewController.swift; sourceTree = "<group>"; };
		B0462B102282BC67000522BB /* Document.swift */ = {isa = PBXFileReference; lastKnownFileType = sourcecode.swift; path = Document.swift; sourceTree = "<group>"; };
		B0462B132282BC67000522BB /* Base */ = {isa = PBXFileReference; lastKnownFileType = file.storyboard; name = Base; path = Base.lproj/Main.storyboard; sourceTree = "<group>"; };
		B0462B152282BC69000522BB /* Assets.xcassets */ = {isa = PBXFileReference; lastKnownFileType = folder.assetcatalog; path = Assets.xcassets; sourceTree = "<group>"; };
		B0462B182282BC69000522BB /* Base */ = {isa = PBXFileReference; lastKnownFileType = file.storyboard; name = Base; path = Base.lproj/LaunchScreen.storyboard; sourceTree = "<group>"; };
		B0462B1A2282BC69000522BB /* Info.plist */ = {isa = PBXFileReference; lastKnownFileType = text.plist.xml; path = Info.plist; sourceTree = "<group>"; };
		B0462B1F2282BC69000522BB /* BlocksTests.xctest */ = {isa = PBXFileReference; explicitFileType = wrapper.cfbundle; includeInIndex = 0; path = BlocksTests.xctest; sourceTree = BUILT_PRODUCTS_DIR; };
		B0462B232282BC69000522BB /* BlocksTests.swift */ = {isa = PBXFileReference; lastKnownFileType = sourcecode.swift; path = BlocksTests.swift; sourceTree = "<group>"; };
		B0462B252282BC69000522BB /* Info.plist */ = {isa = PBXFileReference; lastKnownFileType = text.plist.xml; path = Info.plist; sourceTree = "<group>"; };
		B0462B2A2282BC69000522BB /* BlocksUITests.xctest */ = {isa = PBXFileReference; explicitFileType = wrapper.cfbundle; includeInIndex = 0; path = BlocksUITests.xctest; sourceTree = BUILT_PRODUCTS_DIR; };
		B0462B2E2282BC69000522BB /* BlocksUITests.swift */ = {isa = PBXFileReference; lastKnownFileType = sourcecode.swift; path = BlocksUITests.swift; sourceTree = "<group>"; };
		B0462B302282BC69000522BB /* Info.plist */ = {isa = PBXFileReference; lastKnownFileType = text.plist.xml; path = Info.plist; sourceTree = "<group>"; };
		B05CFC9122DDC10000EA8D6B /* DocumentManager.swift */ = {isa = PBXFileReference; lastKnownFileType = sourcecode.swift; path = DocumentManager.swift; sourceTree = "<group>"; };
		B0E0E2612287E544007E95D1 /* BlockChange.swift */ = {isa = PBXFileReference; lastKnownFileType = sourcecode.swift; path = BlockChange.swift; sourceTree = "<group>"; };
		B0E426D9229926850078564A /* ShowAlert.swift */ = {isa = PBXFileReference; lastKnownFileType = sourcecode.swift; path = ShowAlert.swift; sourceTree = "<group>"; };
		B0EB13A422850091002C326A /* BlockView.swift */ = {isa = PBXFileReference; lastKnownFileType = sourcecode.swift; path = BlockView.swift; sourceTree = "<group>"; };
		B0EB13E7228562F4002C326A /* Block.swift */ = {isa = PBXFileReference; lastKnownFileType = sourcecode.swift; path = Block.swift; sourceTree = "<group>"; };
		B0EB13E922856CED002C326A /* Color.swift */ = {isa = PBXFileReference; lastKnownFileType = sourcecode.swift; path = Color.swift; sourceTree = "<group>"; };
/* End PBXFileReference section */

/* Begin PBXFrameworksBuildPhase section */
		B0323B452297DFB500802442 /* Frameworks */ = {
			isa = PBXFrameworksBuildPhase;
			buildActionMask = 2147483647;
			files = (
			);
			runOnlyForDeploymentPostprocessing = 0;
		};
		B0462B042282BC67000522BB /* Frameworks */ = {
			isa = PBXFrameworksBuildPhase;
			buildActionMask = 2147483647;
			files = (
			);
			runOnlyForDeploymentPostprocessing = 0;
		};
		B0462B1C2282BC69000522BB /* Frameworks */ = {
			isa = PBXFrameworksBuildPhase;
			buildActionMask = 2147483647;
			files = (
			);
			runOnlyForDeploymentPostprocessing = 0;
		};
		B0462B272282BC69000522BB /* Frameworks */ = {
			isa = PBXFrameworksBuildPhase;
			buildActionMask = 2147483647;
			files = (
			);
			runOnlyForDeploymentPostprocessing = 0;
		};
/* End PBXFrameworksBuildPhase section */

/* Begin PBXGroup section */
		B0323B492297DFB500802442 /* BlocksThumbnailExtension */ = {
			isa = PBXGroup;
			children = (
				B0323B4A2297DFB500802442 /* ThumbnailProvider.swift */,
				B0323B4C2297DFB500802442 /* Info.plist */,
			);
			path = BlocksThumbnailExtension;
			sourceTree = "<group>";
		};
		B0462AFE2282BC67000522BB = {
			isa = PBXGroup;
			children = (
				B0462B092282BC67000522BB /* Blocks */,
				B0462B122282BC67000522BB /* Main.storyboard */,
				B0462B222282BC69000522BB /* BlocksTests */,
				B0462B2D2282BC69000522BB /* BlocksUITests */,
				B0323B492297DFB500802442 /* BlocksThumbnailExtension */,
				B0462B082282BC67000522BB /* Products */,
			);
			sourceTree = "<group>";
		};
		B0462B082282BC67000522BB /* Products */ = {
			isa = PBXGroup;
			children = (
				B0462B072282BC67000522BB /* Blocks.app */,
				B0462B1F2282BC69000522BB /* BlocksTests.xctest */,
				B0462B2A2282BC69000522BB /* BlocksUITests.xctest */,
				B0323B482297DFB500802442 /* BlocksThumbnailExtension.appex */,
			);
			name = Products;
			sourceTree = "<group>";
		};
		B0462B092282BC67000522BB /* Blocks */ = {
			isa = PBXGroup;
			children = (
				B0462B0A2282BC67000522BB /* AppDelegate.swift */,
				B00CD22522D47551000EDB9F /* SceneDelegate.swift */,
				B05CFC9122DDC10000EA8D6B /* DocumentManager.swift */,
				B0EB13E522855BA6002C326A /* Model */,
				B0EB13E422855B96002C326A /* Controller */,
				B0EB13E622855BC0002C326A /* View */,
				B0EB13EB22856CF4002C326A /* Helper */,
				B0462B152282BC69000522BB /* Assets.xcassets */,
				B0462B172282BC69000522BB /* LaunchScreen.storyboard */,
				B0462B1A2282BC69000522BB /* Info.plist */,
			);
			path = Blocks;
			sourceTree = "<group>";
		};
		B0462B222282BC69000522BB /* BlocksTests */ = {
			isa = PBXGroup;
			children = (
				B0462B232282BC69000522BB /* BlocksTests.swift */,
				B0462B252282BC69000522BB /* Info.plist */,
			);
			path = BlocksTests;
			sourceTree = "<group>";
		};
		B0462B2D2282BC69000522BB /* BlocksUITests */ = {
			isa = PBXGroup;
			children = (
				B0462B2E2282BC69000522BB /* BlocksUITests.swift */,
				B0462B302282BC69000522BB /* Info.plist */,
			);
			path = BlocksUITests;
			sourceTree = "<group>";
		};
		B0EB13E422855B96002C326A /* Controller */ = {
			isa = PBXGroup;
			children = (
				B0462B0C2282BC67000522BB /* DocumentBrowserViewController.swift */,
				B0462B0E2282BC67000522BB /* DocumentViewController.swift */,
			);
			path = Controller;
			sourceTree = "<group>";
		};
		B0EB13E522855BA6002C326A /* Model */ = {
			isa = PBXGroup;
			children = (
				B0462B102282BC67000522BB /* Document.swift */,
				B0EB13E7228562F4002C326A /* Block.swift */,
				B0E0E2612287E544007E95D1 /* BlockChange.swift */,
			);
			path = Model;
			sourceTree = "<group>";
		};
		B0EB13E622855BC0002C326A /* View */ = {
			isa = PBXGroup;
			children = (
				B0EB13A422850091002C326A /* BlockView.swift */,
			);
			path = View;
			sourceTree = "<group>";
		};
		B0EB13EB22856CF4002C326A /* Helper */ = {
			isa = PBXGroup;
			children = (
				B0EB13E922856CED002C326A /* Color.swift */,
				B0E426D9229926850078564A /* ShowAlert.swift */,
			);
			path = Helper;
			sourceTree = "<group>";
		};
/* End PBXGroup section */

/* Begin PBXNativeTarget section */
		B0323B472297DFB500802442 /* BlocksThumbnailExtension */ = {
			isa = PBXNativeTarget;
			buildConfigurationList = B0323B522297DFB500802442 /* Build configuration list for PBXNativeTarget "BlocksThumbnailExtension" */;
			buildPhases = (
				B0323B442297DFB500802442 /* Sources */,
				B0323B452297DFB500802442 /* Frameworks */,
				B0323B462297DFB500802442 /* Resources */,
			);
			buildRules = (
			);
			dependencies = (
			);
			name = BlocksThumbnailExtension;
			productName = BlocksThumbnailExtension;
			productReference = B0323B482297DFB500802442 /* BlocksThumbnailExtension.appex */;
			productType = "com.apple.product-type.app-extension";
		};
		B0462B062282BC67000522BB /* Blocks */ = {
			isa = PBXNativeTarget;
			buildConfigurationList = B0462B332282BC69000522BB /* Build configuration list for PBXNativeTarget "Blocks" */;
			buildPhases = (
				B0462B032282BC67000522BB /* Sources */,
				B0462B042282BC67000522BB /* Frameworks */,
				B0462B052282BC67000522BB /* Resources */,
				B0323B532297DFB500802442 /* Embed App Extensions */,
			);
			buildRules = (
			);
			dependencies = (
				B0323B4E2297DFB500802442 /* PBXTargetDependency */,
			);
			name = Blocks;
			productName = Blocks;
			productReference = B0462B072282BC67000522BB /* Blocks.app */;
			productType = "com.apple.product-type.application";
		};
		B0462B1E2282BC69000522BB /* BlocksTests */ = {
			isa = PBXNativeTarget;
			buildConfigurationList = B0462B362282BC69000522BB /* Build configuration list for PBXNativeTarget "BlocksTests" */;
			buildPhases = (
				B0462B1B2282BC69000522BB /* Sources */,
				B0462B1C2282BC69000522BB /* Frameworks */,
				B0462B1D2282BC69000522BB /* Resources */,
			);
			buildRules = (
			);
			dependencies = (
				B0462B212282BC69000522BB /* PBXTargetDependency */,
			);
			name = BlocksTests;
			productName = BlocksTests;
			productReference = B0462B1F2282BC69000522BB /* BlocksTests.xctest */;
			productType = "com.apple.product-type.bundle.unit-test";
		};
		B0462B292282BC69000522BB /* BlocksUITests */ = {
			isa = PBXNativeTarget;
			buildConfigurationList = B0462B392282BC69000522BB /* Build configuration list for PBXNativeTarget "BlocksUITests" */;
			buildPhases = (
				B0462B262282BC69000522BB /* Sources */,
				B0462B272282BC69000522BB /* Frameworks */,
				B0462B282282BC69000522BB /* Resources */,
			);
			buildRules = (
			);
			dependencies = (
				B0462B2C2282BC69000522BB /* PBXTargetDependency */,
			);
			name = BlocksUITests;
			productName = BlocksUITests;
			productReference = B0462B2A2282BC69000522BB /* BlocksUITests.xctest */;
			productType = "com.apple.product-type.bundle.ui-testing";
		};
/* End PBXNativeTarget section */

/* Begin PBXProject section */
		B0462AFF2282BC67000522BB /* Project object */ = {
			isa = PBXProject;
			attributes = {
				LastSwiftUpdateCheck = 1020;
				LastUpgradeCheck = 1020;
				ORGANIZATIONNAME = "Chang Shen";
				TargetAttributes = {
					B0323B472297DFB500802442 = {
						CreatedOnToolsVersion = 10.2.1;
					};
					B0462B062282BC67000522BB = {
						CreatedOnToolsVersion = 10.2.1;
					};
					B0462B1E2282BC69000522BB = {
						CreatedOnToolsVersion = 10.2.1;
						TestTargetID = B0462B062282BC67000522BB;
					};
					B0462B292282BC69000522BB = {
						CreatedOnToolsVersion = 10.2.1;
						TestTargetID = B0462B062282BC67000522BB;
					};
				};
			};
			buildConfigurationList = B0462B022282BC67000522BB /* Build configuration list for PBXProject "Blocks" */;
			compatibilityVersion = "Xcode 9.3";
			developmentRegion = en;
			hasScannedForEncodings = 0;
			knownRegions = (
				en,
				Base,
			);
			mainGroup = B0462AFE2282BC67000522BB;
			productRefGroup = B0462B082282BC67000522BB /* Products */;
			projectDirPath = "";
			projectRoot = "";
			targets = (
				B0462B062282BC67000522BB /* Blocks */,
				B0462B1E2282BC69000522BB /* BlocksTests */,
				B0462B292282BC69000522BB /* BlocksUITests */,
				B0323B472297DFB500802442 /* BlocksThumbnailExtension */,
			);
		};
/* End PBXProject section */

/* Begin PBXResourcesBuildPhase section */
		B0323B462297DFB500802442 /* Resources */ = {
			isa = PBXResourcesBuildPhase;
			buildActionMask = 2147483647;
			files = (
			);
			runOnlyForDeploymentPostprocessing = 0;
		};
		B0462B052282BC67000522BB /* Resources */ = {
			isa = PBXResourcesBuildPhase;
			buildActionMask = 2147483647;
			files = (
				B0462B192282BC69000522BB /* LaunchScreen.storyboard in Resources */,
				B0462B162282BC69000522BB /* Assets.xcassets in Resources */,
				B0462B142282BC67000522BB /* Main.storyboard in Resources */,
			);
			runOnlyForDeploymentPostprocessing = 0;
		};
		B0462B1D2282BC69000522BB /* Resources */ = {
			isa = PBXResourcesBuildPhase;
			buildActionMask = 2147483647;
			files = (
			);
			runOnlyForDeploymentPostprocessing = 0;
		};
		B0462B282282BC69000522BB /* Resources */ = {
			isa = PBXResourcesBuildPhase;
			buildActionMask = 2147483647;
			files = (
			);
			runOnlyForDeploymentPostprocessing = 0;
		};
/* End PBXResourcesBuildPhase section */

/* Begin PBXSourcesBuildPhase section */
		B0323B442297DFB500802442 /* Sources */ = {
			isa = PBXSourcesBuildPhase;
			buildActionMask = 2147483647;
			files = (
				B0E426DB229928310078564A /* ShowAlert.swift in Sources */,
				B000D8D322DEC185001C2772 /* DocumentManager.swift in Sources */,
				B0323B5B2297E75600802442 /* BlockChange.swift in Sources */,
				B0323B592297E74200802442 /* Block.swift in Sources */,
				B0323B562297E71D00802442 /* BlockView.swift in Sources */,
				B0323B572297E71D00802442 /* Color.swift in Sources */,
				B0323B552297E70E00802442 /* DocumentViewController.swift in Sources */,
				B0323B542297E70900802442 /* Document.swift in Sources */,
				B0323B4B2297DFB500802442 /* ThumbnailProvider.swift in Sources */,
			);
			runOnlyForDeploymentPostprocessing = 0;
		};
		B0462B032282BC67000522BB /* Sources */ = {
			isa = PBXSourcesBuildPhase;
			buildActionMask = 2147483647;
			files = (
				B0462B112282BC67000522BB /* Document.swift in Sources */,
				B0462B0F2282BC67000522BB /* DocumentViewController.swift in Sources */,
				B0EB13EA22856CED002C326A /* Color.swift in Sources */,
				B0EB13A522850091002C326A /* BlockView.swift in Sources */,
				B05CFC9222DDC10000EA8D6B /* DocumentManager.swift in Sources */,
				B0EB13E8228562F4002C326A /* Block.swift in Sources */,
				B0E0E2622287E544007E95D1 /* BlockChange.swift in Sources */,
				B00CD22622D47551000EDB9F /* SceneDelegate.swift in Sources */,
				B0462B0D2282BC67000522BB /* DocumentBrowserViewController.swift in Sources */,
				B0462B0B2282BC67000522BB /* AppDelegate.swift in Sources */,
				B0E426DA229926850078564A /* ShowAlert.swift in Sources */,
			);
			runOnlyForDeploymentPostprocessing = 0;
		};
		B0462B1B2282BC69000522BB /* Sources */ = {
			isa = PBXSourcesBuildPhase;
			buildActionMask = 2147483647;
			files = (
				B0462B242282BC69000522BB /* BlocksTests.swift in Sources */,
			);
			runOnlyForDeploymentPostprocessing = 0;
		};
		B0462B262282BC69000522BB /* Sources */ = {
			isa = PBXSourcesBuildPhase;
			buildActionMask = 2147483647;
			files = (
				B0462B2F2282BC69000522BB /* BlocksUITests.swift in Sources */,
			);
			runOnlyForDeploymentPostprocessing = 0;
		};
/* End PBXSourcesBuildPhase section */

/* Begin PBXTargetDependency section */
		B0323B4E2297DFB500802442 /* PBXTargetDependency */ = {
			isa = PBXTargetDependency;
			target = B0323B472297DFB500802442 /* BlocksThumbnailExtension */;
			targetProxy = B0323B4D2297DFB500802442 /* PBXContainerItemProxy */;
		};
		B0462B212282BC69000522BB /* PBXTargetDependency */ = {
			isa = PBXTargetDependency;
			target = B0462B062282BC67000522BB /* Blocks */;
			targetProxy = B0462B202282BC69000522BB /* PBXContainerItemProxy */;
		};
		B0462B2C2282BC69000522BB /* PBXTargetDependency */ = {
			isa = PBXTargetDependency;
			target = B0462B062282BC67000522BB /* Blocks */;
			targetProxy = B0462B2B2282BC69000522BB /* PBXContainerItemProxy */;
		};
/* End PBXTargetDependency section */

/* Begin PBXVariantGroup section */
		B0462B122282BC67000522BB /* Main.storyboard */ = {
			isa = PBXVariantGroup;
			children = (
				B0462B132282BC67000522BB /* Base */,
			);
			name = Main.storyboard;
			sourceTree = "<group>";
		};
		B0462B172282BC69000522BB /* LaunchScreen.storyboard */ = {
			isa = PBXVariantGroup;
			children = (
				B0462B182282BC69000522BB /* Base */,
			);
			name = LaunchScreen.storyboard;
			sourceTree = "<group>";
		};
/* End PBXVariantGroup section */

/* Begin XCBuildConfiguration section */
		B0323B502297DFB500802442 /* Debug */ = {
			isa = XCBuildConfiguration;
			buildSettings = {
				CODE_SIGN_STYLE = Automatic;
				DEVELOPMENT_TEAM = P87UN8JYS9;
				INFOPLIST_FILE = BlocksThumbnailExtension/Info.plist;
				IPHONEOS_DEPLOYMENT_TARGET = 13.0;
				LD_RUNPATH_SEARCH_PATHS = (
					"$(inherited)",
					"@executable_path/Frameworks",
					"@executable_path/../../Frameworks",
				);
				PRODUCT_BUNDLE_IDENTIFIER = com.changshen.Blocks.BlocksThumbnailExtension;
				PRODUCT_NAME = "$(TARGET_NAME)";
				SKIP_INSTALL = YES;
				SWIFT_VERSION = 5.0;
				TARGETED_DEVICE_FAMILY = "1,2";
			};
			name = Debug;
		};
		B0323B512297DFB500802442 /* Release */ = {
			isa = XCBuildConfiguration;
			buildSettings = {
				CODE_SIGN_STYLE = Automatic;
				DEVELOPMENT_TEAM = P87UN8JYS9;
				INFOPLIST_FILE = BlocksThumbnailExtension/Info.plist;
				IPHONEOS_DEPLOYMENT_TARGET = 13.0;
				LD_RUNPATH_SEARCH_PATHS = (
					"$(inherited)",
					"@executable_path/Frameworks",
					"@executable_path/../../Frameworks",
				);
				PRODUCT_BUNDLE_IDENTIFIER = com.changshen.Blocks.BlocksThumbnailExtension;
				PRODUCT_NAME = "$(TARGET_NAME)";
				SKIP_INSTALL = YES;
				SWIFT_VERSION = 5.0;
				TARGETED_DEVICE_FAMILY = "1,2";
			};
			name = Release;
		};
		B0462B312282BC69000522BB /* Debug */ = {
			isa = XCBuildConfiguration;
			buildSettings = {
				ALWAYS_SEARCH_USER_PATHS = NO;
				CLANG_ANALYZER_NONNULL = YES;
				CLANG_ANALYZER_NUMBER_OBJECT_CONVERSION = YES_AGGRESSIVE;
				CLANG_CXX_LANGUAGE_STANDARD = "gnu++14";
				CLANG_CXX_LIBRARY = "libc++";
				CLANG_ENABLE_MODULES = YES;
				CLANG_ENABLE_OBJC_ARC = YES;
				CLANG_ENABLE_OBJC_WEAK = YES;
				CLANG_WARN_BLOCK_CAPTURE_AUTORELEASING = YES;
				CLANG_WARN_BOOL_CONVERSION = YES;
				CLANG_WARN_COMMA = YES;
				CLANG_WARN_CONSTANT_CONVERSION = YES;
				CLANG_WARN_DEPRECATED_OBJC_IMPLEMENTATIONS = YES;
				CLANG_WARN_DIRECT_OBJC_ISA_USAGE = YES_ERROR;
				CLANG_WARN_DOCUMENTATION_COMMENTS = YES;
				CLANG_WARN_EMPTY_BODY = YES;
				CLANG_WARN_ENUM_CONVERSION = YES;
				CLANG_WARN_INFINITE_RECURSION = YES;
				CLANG_WARN_INT_CONVERSION = YES;
				CLANG_WARN_NON_LITERAL_NULL_CONVERSION = YES;
				CLANG_WARN_OBJC_IMPLICIT_RETAIN_SELF = YES;
				CLANG_WARN_OBJC_LITERAL_CONVERSION = YES;
				CLANG_WARN_OBJC_ROOT_CLASS = YES_ERROR;
				CLANG_WARN_RANGE_LOOP_ANALYSIS = YES;
				CLANG_WARN_STRICT_PROTOTYPES = YES;
				CLANG_WARN_SUSPICIOUS_MOVE = YES;
				CLANG_WARN_UNGUARDED_AVAILABILITY = YES_AGGRESSIVE;
				CLANG_WARN_UNREACHABLE_CODE = YES;
				CLANG_WARN__DUPLICATE_METHOD_MATCH = YES;
				CODE_SIGN_IDENTITY = "iPhone Developer";
				COPY_PHASE_STRIP = NO;
				DEBUG_INFORMATION_FORMAT = dwarf;
				ENABLE_STRICT_OBJC_MSGSEND = YES;
				ENABLE_TESTABILITY = YES;
				GCC_C_LANGUAGE_STANDARD = gnu11;
				GCC_DYNAMIC_NO_PIC = NO;
				GCC_NO_COMMON_BLOCKS = YES;
				GCC_OPTIMIZATION_LEVEL = 0;
				GCC_PREPROCESSOR_DEFINITIONS = (
					"DEBUG=1",
					"$(inherited)",
				);
				GCC_WARN_64_TO_32_BIT_CONVERSION = YES;
				GCC_WARN_ABOUT_RETURN_TYPE = YES_ERROR;
				GCC_WARN_UNDECLARED_SELECTOR = YES;
				GCC_WARN_UNINITIALIZED_AUTOS = YES_AGGRESSIVE;
				GCC_WARN_UNUSED_FUNCTION = YES;
				GCC_WARN_UNUSED_VARIABLE = YES;
				IPHONEOS_DEPLOYMENT_TARGET = 12.2;
				MTL_ENABLE_DEBUG_INFO = INCLUDE_SOURCE;
				MTL_FAST_MATH = YES;
				ONLY_ACTIVE_ARCH = YES;
				SDKROOT = iphoneos;
				SWIFT_ACTIVE_COMPILATION_CONDITIONS = DEBUG;
				SWIFT_OPTIMIZATION_LEVEL = "-Onone";
			};
			name = Debug;
		};
		B0462B322282BC69000522BB /* Release */ = {
			isa = XCBuildConfiguration;
			buildSettings = {
				ALWAYS_SEARCH_USER_PATHS = NO;
				CLANG_ANALYZER_NONNULL = YES;
				CLANG_ANALYZER_NUMBER_OBJECT_CONVERSION = YES_AGGRESSIVE;
				CLANG_CXX_LANGUAGE_STANDARD = "gnu++14";
				CLANG_CXX_LIBRARY = "libc++";
				CLANG_ENABLE_MODULES = YES;
				CLANG_ENABLE_OBJC_ARC = YES;
				CLANG_ENABLE_OBJC_WEAK = YES;
				CLANG_WARN_BLOCK_CAPTURE_AUTORELEASING = YES;
				CLANG_WARN_BOOL_CONVERSION = YES;
				CLANG_WARN_COMMA = YES;
				CLANG_WARN_CONSTANT_CONVERSION = YES;
				CLANG_WARN_DEPRECATED_OBJC_IMPLEMENTATIONS = YES;
				CLANG_WARN_DIRECT_OBJC_ISA_USAGE = YES_ERROR;
				CLANG_WARN_DOCUMENTATION_COMMENTS = YES;
				CLANG_WARN_EMPTY_BODY = YES;
				CLANG_WARN_ENUM_CONVERSION = YES;
				CLANG_WARN_INFINITE_RECURSION = YES;
				CLANG_WARN_INT_CONVERSION = YES;
				CLANG_WARN_NON_LITERAL_NULL_CONVERSION = YES;
				CLANG_WARN_OBJC_IMPLICIT_RETAIN_SELF = YES;
				CLANG_WARN_OBJC_LITERAL_CONVERSION = YES;
				CLANG_WARN_OBJC_ROOT_CLASS = YES_ERROR;
				CLANG_WARN_RANGE_LOOP_ANALYSIS = YES;
				CLANG_WARN_STRICT_PROTOTYPES = YES;
				CLANG_WARN_SUSPICIOUS_MOVE = YES;
				CLANG_WARN_UNGUARDED_AVAILABILITY = YES_AGGRESSIVE;
				CLANG_WARN_UNREACHABLE_CODE = YES;
				CLANG_WARN__DUPLICATE_METHOD_MATCH = YES;
				CODE_SIGN_IDENTITY = "iPhone Developer";
				COPY_PHASE_STRIP = NO;
				DEBUG_INFORMATION_FORMAT = "dwarf-with-dsym";
				ENABLE_NS_ASSERTIONS = NO;
				ENABLE_STRICT_OBJC_MSGSEND = YES;
				GCC_C_LANGUAGE_STANDARD = gnu11;
				GCC_NO_COMMON_BLOCKS = YES;
				GCC_WARN_64_TO_32_BIT_CONVERSION = YES;
				GCC_WARN_ABOUT_RETURN_TYPE = YES_ERROR;
				GCC_WARN_UNDECLARED_SELECTOR = YES;
				GCC_WARN_UNINITIALIZED_AUTOS = YES_AGGRESSIVE;
				GCC_WARN_UNUSED_FUNCTION = YES;
				GCC_WARN_UNUSED_VARIABLE = YES;
				IPHONEOS_DEPLOYMENT_TARGET = 12.2;
				MTL_ENABLE_DEBUG_INFO = NO;
				MTL_FAST_MATH = YES;
				SDKROOT = iphoneos;
				SWIFT_COMPILATION_MODE = wholemodule;
				SWIFT_OPTIMIZATION_LEVEL = "-O";
				VALIDATE_PRODUCT = YES;
			};
			name = Release;
		};
		B0462B342282BC69000522BB /* Debug */ = {
			isa = XCBuildConfiguration;
			buildSettings = {
				ALWAYS_EMBED_SWIFT_STANDARD_LIBRARIES = YES;
				ASSETCATALOG_COMPILER_APPICON_NAME = AppIcon;
				CODE_SIGN_ENTITLEMENTS = Blocks/Blocks.entitlements;
				CODE_SIGN_STYLE = Automatic;
				DEVELOPMENT_TEAM = P87UN8JYS9;
				INFOPLIST_FILE = Blocks/Info.plist;
				IPHONEOS_DEPLOYMENT_TARGET = 13.0;
				LD_RUNPATH_SEARCH_PATHS = (
					"$(inherited)",
					"@executable_path/Frameworks",
				);
				PRODUCT_BUNDLE_IDENTIFIER = com.changshen.Blocks;
				PRODUCT_NAME = "$(TARGET_NAME)";
				SWIFT_VERSION = 5.0;
				TARGETED_DEVICE_FAMILY = "1,2";
			};
			name = Debug;
		};
		B0462B352282BC69000522BB /* Release */ = {
			isa = XCBuildConfiguration;
			buildSettings = {
				ALWAYS_EMBED_SWIFT_STANDARD_LIBRARIES = YES;
				ASSETCATALOG_COMPILER_APPICON_NAME = AppIcon;
				CODE_SIGN_ENTITLEMENTS = Blocks/Blocks.entitlements;
				CODE_SIGN_STYLE = Automatic;
				DEVELOPMENT_TEAM = P87UN8JYS9;
				INFOPLIST_FILE = Blocks/Info.plist;
				IPHONEOS_DEPLOYMENT_TARGET = 13.0;
				LD_RUNPATH_SEARCH_PATHS = (
					"$(inherited)",
					"@executable_path/Frameworks",
				);
				PRODUCT_BUNDLE_IDENTIFIER = com.changshen.Blocks;
				PRODUCT_NAME = "$(TARGET_NAME)";
				SWIFT_VERSION = 5.0;
				TARGETED_DEVICE_FAMILY = "1,2";
			};
			name = Release;
		};
		B0462B372282BC69000522BB /* Debug */ = {
			isa = XCBuildConfiguration;
			buildSettings = {
				ALWAYS_EMBED_SWIFT_STANDARD_LIBRARIES = YES;
				BUNDLE_LOADER = "$(TEST_HOST)";
				CODE_SIGN_STYLE = Automatic;
				DEVELOPMENT_TEAM = P87UN8JYS9;
				INFOPLIST_FILE = BlocksTests/Info.plist;
				LD_RUNPATH_SEARCH_PATHS = (
					"$(inherited)",
					"@executable_path/Frameworks",
					"@loader_path/Frameworks",
				);
				PRODUCT_BUNDLE_IDENTIFIER = com.changshen.BlocksTests;
				PRODUCT_NAME = "$(TARGET_NAME)";
				SWIFT_VERSION = 5.0;
				TARGETED_DEVICE_FAMILY = "1,2";
				TEST_HOST = "$(BUILT_PRODUCTS_DIR)/Blocks.app/Blocks";
			};
			name = Debug;
		};
		B0462B382282BC69000522BB /* Release */ = {
			isa = XCBuildConfiguration;
			buildSettings = {
				ALWAYS_EMBED_SWIFT_STANDARD_LIBRARIES = YES;
				BUNDLE_LOADER = "$(TEST_HOST)";
				CODE_SIGN_STYLE = Automatic;
				DEVELOPMENT_TEAM = P87UN8JYS9;
				INFOPLIST_FILE = BlocksTests/Info.plist;
				LD_RUNPATH_SEARCH_PATHS = (
					"$(inherited)",
					"@executable_path/Frameworks",
					"@loader_path/Frameworks",
				);
				PRODUCT_BUNDLE_IDENTIFIER = com.changshen.BlocksTests;
				PRODUCT_NAME = "$(TARGET_NAME)";
				SWIFT_VERSION = 5.0;
				TARGETED_DEVICE_FAMILY = "1,2";
				TEST_HOST = "$(BUILT_PRODUCTS_DIR)/Blocks.app/Blocks";
			};
			name = Release;
		};
		B0462B3A2282BC69000522BB /* Debug */ = {
			isa = XCBuildConfiguration;
			buildSettings = {
				ALWAYS_EMBED_SWIFT_STANDARD_LIBRARIES = YES;
				CODE_SIGN_STYLE = Automatic;
				DEVELOPMENT_TEAM = P87UN8JYS9;
				INFOPLIST_FILE = BlocksUITests/Info.plist;
				LD_RUNPATH_SEARCH_PATHS = (
					"$(inherited)",
					"@executable_path/Frameworks",
					"@loader_path/Frameworks",
				);
				PRODUCT_BUNDLE_IDENTIFIER = com.changshen.BlocksUITests;
				PRODUCT_NAME = "$(TARGET_NAME)";
				SWIFT_VERSION = 5.0;
				TARGETED_DEVICE_FAMILY = "1,2";
				TEST_TARGET_NAME = Blocks;
			};
			name = Debug;
		};
		B0462B3B2282BC69000522BB /* Release */ = {
			isa = XCBuildConfiguration;
			buildSettings = {
				ALWAYS_EMBED_SWIFT_STANDARD_LIBRARIES = YES;
				CODE_SIGN_STYLE = Automatic;
				DEVELOPMENT_TEAM = P87UN8JYS9;
				INFOPLIST_FILE = BlocksUITests/Info.plist;
				LD_RUNPATH_SEARCH_PATHS = (
					"$(inherited)",
					"@executable_path/Frameworks",
					"@loader_path/Frameworks",
				);
				PRODUCT_BUNDLE_IDENTIFIER = com.changshen.BlocksUITests;
				PRODUCT_NAME = "$(TARGET_NAME)";
				SWIFT_VERSION = 5.0;
				TARGETED_DEVICE_FAMILY = "1,2";
				TEST_TARGET_NAME = Blocks;
			};
			name = Release;
		};
/* End XCBuildConfiguration section */

/* Begin XCConfigurationList section */
		B0323B522297DFB500802442 /* Build configuration list for PBXNativeTarget "BlocksThumbnailExtension" */ = {
			isa = XCConfigurationList;
			buildConfigurations = (
				B0323B502297DFB500802442 /* Debug */,
				B0323B512297DFB500802442 /* Release */,
			);
			defaultConfigurationIsVisible = 0;
			defaultConfigurationName = Release;
		};
		B0462B022282BC67000522BB /* Build configuration list for PBXProject "Blocks" */ = {
			isa = XCConfigurationList;
			buildConfigurations = (
				B0462B312282BC69000522BB /* Debug */,
				B0462B322282BC69000522BB /* Release */,
			);
			defaultConfigurationIsVisible = 0;
			defaultConfigurationName = Release;
		};
		B0462B332282BC69000522BB /* Build configuration list for PBXNativeTarget "Blocks" */ = {
			isa = XCConfigurationList;
			buildConfigurations = (
				B0462B342282BC69000522BB /* Debug */,
				B0462B352282BC69000522BB /* Release */,
			);
			defaultConfigurationIsVisible = 0;
			defaultConfigurationName = Release;
		};
		B0462B362282BC69000522BB /* Build configuration list for PBXNativeTarget "BlocksTests" */ = {
			isa = XCConfigurationList;
			buildConfigurations = (
				B0462B372282BC69000522BB /* Debug */,
				B0462B382282BC69000522BB /* Release */,
			);
			defaultConfigurationIsVisible = 0;
			defaultConfigurationName = Release;
		};
		B0462B392282BC69000522BB /* Build configuration list for PBXNativeTarget "BlocksUITests" */ = {
			isa = XCConfigurationList;
			buildConfigurations = (
				B0462B3A2282BC69000522BB /* Debug */,
				B0462B3B2282BC69000522BB /* Release */,
			);
			defaultConfigurationIsVisible = 0;
			defaultConfigurationName = Release;
		};
/* End XCConfigurationList section */
	};
	rootObject = B0462AFF2282BC67000522BB /* Project object */;
}
