// !$*UTF8*$!
{
	archiveVersion = 1;
	classes = {
	};
	objectVersion = 50;
	objects = {

/* Begin PBXBuildFile section */
		B0462B0B2282BC67000522BB /* AppDelegate.swift in Sources */ = {isa = PBXBuildFile; fileRef = B0462B0A2282BC67000522BB /* AppDelegate.swift */; };
		B0462B0D2282BC67000522BB /* DocumentBrowserViewController.swift in Sources */ = {isa = PBXBuildFile; fileRef = B0462B0C2282BC67000522BB /* DocumentBrowserViewController.swift */; };
		B0462B0F2282BC67000522BB /* DocumentViewController.swift in Sources */ = {isa = PBXBuildFile; fileRef = B0462B0E2282BC67000522BB /* DocumentViewController.swift */; };
		B0462B112282BC67000522BB /* Document.swift in Sources */ = {isa = PBXBuildFile; fileRef = B0462B102282BC67000522BB /* Document.swift */; };
		B0462B142282BC67000522BB /* Main.storyboard in Resources */ = {isa = PBXBuildFile; fileRef = B0462B122282BC67000522BB /* Main.storyboard */; };
		B0462B162282BC69000522BB /* Assets.xcassets in Resources */ = {isa = PBXBuildFile; fileRef = B0462B152282BC69000522BB /* Assets.xcassets */; };
		B0462B192282BC69000522BB /* LaunchScreen.storyboard in Resources */ = {isa = PBXBuildFile; fileRef = B0462B172282BC69000522BB /* LaunchScreen.storyboard */; };
		B0462B242282BC69000522BB /* BlocksTests.swift in Sources */ = {isa = PBXBuildFile; fileRef = B0462B232282BC69000522BB /* BlocksTests.swift */; };
		B0462B2F2282BC69000522BB /* BlocksUITests.swift in Sources */ = {isa = PBXBuildFile; fileRef = B0462B2E2282BC69000522BB /* BlocksUITests.swift */; };
		B0AE9FE1228BAE0B000C8092 /* NestedExtendedDiff.swift in Sources */ = {isa = PBXBuildFile; fileRef = B0AE9FD2228BAE0B000C8092 /* NestedExtendedDiff.swift */; };
		B0AE9FE2228BAE0B000C8092 /* ExtendedPatch.swift in Sources */ = {isa = PBXBuildFile; fileRef = B0AE9FD3228BAE0B000C8092 /* ExtendedPatch.swift */; };
		B0AE9FE3228BAE0B000C8092 /* ExtendedDiff.swift in Sources */ = {isa = PBXBuildFile; fileRef = B0AE9FD4228BAE0B000C8092 /* ExtendedDiff.swift */; };
		B0AE9FE4228BAE0B000C8092 /* Diff+UIKit.swift in Sources */ = {isa = PBXBuildFile; fileRef = B0AE9FD5228BAE0B000C8092 /* Diff+UIKit.swift */; };
		B0AE9FE5228BAE0B000C8092 /* Diff.swift in Sources */ = {isa = PBXBuildFile; fileRef = B0AE9FD6228BAE0B000C8092 /* Diff.swift */; };
		B0AE9FE6228BAE0B000C8092 /* NestedDiff.swift in Sources */ = {isa = PBXBuildFile; fileRef = B0AE9FD7228BAE0B000C8092 /* NestedDiff.swift */; };
		B0AE9FE7228BAE0B000C8092 /* GenericPatch.swift in Sources */ = {isa = PBXBuildFile; fileRef = B0AE9FD8228BAE0B000C8092 /* GenericPatch.swift */; };
		B0AE9FE8228BAE0B000C8092 /* Patch.swift in Sources */ = {isa = PBXBuildFile; fileRef = B0AE9FD9228BAE0B000C8092 /* Patch.swift */; };
		B0AE9FE9228BAE0B000C8092 /* Diff+AppKit.swift in Sources */ = {isa = PBXBuildFile; fileRef = B0AE9FDA228BAE0B000C8092 /* Diff+AppKit.swift */; };
		B0AE9FEA228BAE0B000C8092 /* NestedBatchUpdate.swift in Sources */ = {isa = PBXBuildFile; fileRef = B0AE9FDB228BAE0B000C8092 /* NestedBatchUpdate.swift */; };
		B0AE9FEB228BAE0B000C8092 /* BatchUpdate.swift in Sources */ = {isa = PBXBuildFile; fileRef = B0AE9FDC228BAE0B000C8092 /* BatchUpdate.swift */; };
		B0AE9FEC228BAE0B000C8092 /* Patch+Apply.swift in Sources */ = {isa = PBXBuildFile; fileRef = B0AE9FDD228BAE0B000C8092 /* Patch+Apply.swift */; };
		B0AE9FED228BAE0B000C8092 /* Patch+Sort.swift in Sources */ = {isa = PBXBuildFile; fileRef = B0AE9FDE228BAE0B000C8092 /* Patch+Sort.swift */; };
		B0AE9FEE228BAE0B000C8092 /* ExtendedPatch+Apply.swift in Sources */ = {isa = PBXBuildFile; fileRef = B0AE9FDF228BAE0B000C8092 /* ExtendedPatch+Apply.swift */; };
		B0AE9FEF228BAE0B000C8092 /* LinkedList.swift in Sources */ = {isa = PBXBuildFile; fileRef = B0AE9FE0228BAE0B000C8092 /* LinkedList.swift */; };
		B0CA1F6A229037D8008A7E07 /* Array Extensions.swift in Sources */ = {isa = PBXBuildFile; fileRef = B0CA1F69229037D8008A7E07 /* Array Extensions.swift */; };
		B0E0E2622287E544007E95D1 /* BlockChange.swift in Sources */ = {isa = PBXBuildFile; fileRef = B0E0E2612287E544007E95D1 /* BlockChange.swift */; };
		B0EB13A522850091002C326A /* BlockView.swift in Sources */ = {isa = PBXBuildFile; fileRef = B0EB13A422850091002C326A /* BlockView.swift */; };
		B0EB13E8228562F4002C326A /* Block.swift in Sources */ = {isa = PBXBuildFile; fileRef = B0EB13E7228562F4002C326A /* Block.swift */; };
		B0EB13EA22856CED002C326A /* Color.swift in Sources */ = {isa = PBXBuildFile; fileRef = B0EB13E922856CED002C326A /* Color.swift */; };
		B0F3EA2B228FF82F00C968E7 /* DeletedBlock.swift in Sources */ = {isa = PBXBuildFile; fileRef = B0F3EA2A228FF82F00C968E7 /* DeletedBlock.swift */; };
/* End PBXBuildFile section */

/* Begin PBXContainerItemProxy section */
		B0462B202282BC69000522BB /* PBXContainerItemProxy */ = {
			isa = PBXContainerItemProxy;
			containerPortal = B0462AFF2282BC67000522BB /* Project object */;
			proxyType = 1;
			remoteGlobalIDString = B0462B062282BC67000522BB;
			remoteInfo = Blocks;
		};
		B0462B2B2282BC69000522BB /* PBXContainerItemProxy */ = {
			isa = PBXContainerItemProxy;
			containerPortal = B0462AFF2282BC67000522BB /* Project object */;
			proxyType = 1;
			remoteGlobalIDString = B0462B062282BC67000522BB;
			remoteInfo = Blocks;
		};
/* End PBXContainerItemProxy section */

/* Begin PBXFileReference section */
		B0462B072282BC67000522BB /* Blocks.app */ = {isa = PBXFileReference; explicitFileType = wrapper.application; includeInIndex = 0; path = Blocks.app; sourceTree = BUILT_PRODUCTS_DIR; };
		B0462B0A2282BC67000522BB /* AppDelegate.swift */ = {isa = PBXFileReference; lastKnownFileType = sourcecode.swift; path = AppDelegate.swift; sourceTree = "<group>"; };
		B0462B0C2282BC67000522BB /* DocumentBrowserViewController.swift */ = {isa = PBXFileReference; lastKnownFileType = sourcecode.swift; path = DocumentBrowserViewController.swift; sourceTree = "<group>"; };
		B0462B0E2282BC67000522BB /* DocumentViewController.swift */ = {isa = PBXFileReference; lastKnownFileType = sourcecode.swift; path = DocumentViewController.swift; sourceTree = "<group>"; };
		B0462B102282BC67000522BB /* Document.swift */ = {isa = PBXFileReference; lastKnownFileType = sourcecode.swift; path = Document.swift; sourceTree = "<group>"; };
		B0462B132282BC67000522BB /* Base */ = {isa = PBXFileReference; lastKnownFileType = file.storyboard; name = Base; path = Base.lproj/Main.storyboard; sourceTree = "<group>"; };
		B0462B152282BC69000522BB /* Assets.xcassets */ = {isa = PBXFileReference; lastKnownFileType = folder.assetcatalog; path = Assets.xcassets; sourceTree = "<group>"; };
		B0462B182282BC69000522BB /* Base */ = {isa = PBXFileReference; lastKnownFileType = file.storyboard; name = Base; path = Base.lproj/LaunchScreen.storyboard; sourceTree = "<group>"; };
		B0462B1A2282BC69000522BB /* Info.plist */ = {isa = PBXFileReference; lastKnownFileType = text.plist.xml; path = Info.plist; sourceTree = "<group>"; };
		B0462B1F2282BC69000522BB /* BlocksTests.xctest */ = {isa = PBXFileReference; explicitFileType = wrapper.cfbundle; includeInIndex = 0; path = BlocksTests.xctest; sourceTree = BUILT_PRODUCTS_DIR; };
		B0462B232282BC69000522BB /* BlocksTests.swift */ = {isa = PBXFileReference; lastKnownFileType = sourcecode.swift; path = BlocksTests.swift; sourceTree = "<group>"; };
		B0462B252282BC69000522BB /* Info.plist */ = {isa = PBXFileReference; lastKnownFileType = text.plist.xml; path = Info.plist; sourceTree = "<group>"; };
		B0462B2A2282BC69000522BB /* BlocksUITests.xctest */ = {isa = PBXFileReference; explicitFileType = wrapper.cfbundle; includeInIndex = 0; path = BlocksUITests.xctest; sourceTree = BUILT_PRODUCTS_DIR; };
		B0462B2E2282BC69000522BB /* BlocksUITests.swift */ = {isa = PBXFileReference; lastKnownFileType = sourcecode.swift; path = BlocksUITests.swift; sourceTree = "<group>"; };
		B0462B302282BC69000522BB /* Info.plist */ = {isa = PBXFileReference; lastKnownFileType = text.plist.xml; path = Info.plist; sourceTree = "<group>"; };
		B0AE9FD2228BAE0B000C8092 /* NestedExtendedDiff.swift */ = {isa = PBXFileReference; fileEncoding = 4; lastKnownFileType = sourcecode.swift; path = NestedExtendedDiff.swift; sourceTree = "<group>"; };
		B0AE9FD3228BAE0B000C8092 /* ExtendedPatch.swift */ = {isa = PBXFileReference; fileEncoding = 4; lastKnownFileType = sourcecode.swift; path = ExtendedPatch.swift; sourceTree = "<group>"; };
		B0AE9FD4228BAE0B000C8092 /* ExtendedDiff.swift */ = {isa = PBXFileReference; fileEncoding = 4; lastKnownFileType = sourcecode.swift; path = ExtendedDiff.swift; sourceTree = "<group>"; };
		B0AE9FD5228BAE0B000C8092 /* Diff+UIKit.swift */ = {isa = PBXFileReference; fileEncoding = 4; lastKnownFileType = sourcecode.swift; path = "Diff+UIKit.swift"; sourceTree = "<group>"; };
		B0AE9FD6228BAE0B000C8092 /* Diff.swift */ = {isa = PBXFileReference; fileEncoding = 4; lastKnownFileType = sourcecode.swift; path = Diff.swift; sourceTree = "<group>"; };
		B0AE9FD7228BAE0B000C8092 /* NestedDiff.swift */ = {isa = PBXFileReference; fileEncoding = 4; lastKnownFileType = sourcecode.swift; path = NestedDiff.swift; sourceTree = "<group>"; };
		B0AE9FD8228BAE0B000C8092 /* GenericPatch.swift */ = {isa = PBXFileReference; fileEncoding = 4; lastKnownFileType = sourcecode.swift; path = GenericPatch.swift; sourceTree = "<group>"; };
		B0AE9FD9228BAE0B000C8092 /* Patch.swift */ = {isa = PBXFileReference; fileEncoding = 4; lastKnownFileType = sourcecode.swift; path = Patch.swift; sourceTree = "<group>"; };
		B0AE9FDA228BAE0B000C8092 /* Diff+AppKit.swift */ = {isa = PBXFileReference; fileEncoding = 4; lastKnownFileType = sourcecode.swift; path = "Diff+AppKit.swift"; sourceTree = "<group>"; };
		B0AE9FDB228BAE0B000C8092 /* NestedBatchUpdate.swift */ = {isa = PBXFileReference; fileEncoding = 4; lastKnownFileType = sourcecode.swift; path = NestedBatchUpdate.swift; sourceTree = "<group>"; };
		B0AE9FDC228BAE0B000C8092 /* BatchUpdate.swift */ = {isa = PBXFileReference; fileEncoding = 4; lastKnownFileType = sourcecode.swift; path = BatchUpdate.swift; sourceTree = "<group>"; };
		B0AE9FDD228BAE0B000C8092 /* Patch+Apply.swift */ = {isa = PBXFileReference; fileEncoding = 4; lastKnownFileType = sourcecode.swift; path = "Patch+Apply.swift"; sourceTree = "<group>"; };
		B0AE9FDE228BAE0B000C8092 /* Patch+Sort.swift */ = {isa = PBXFileReference; fileEncoding = 4; lastKnownFileType = sourcecode.swift; path = "Patch+Sort.swift"; sourceTree = "<group>"; };
		B0AE9FDF228BAE0B000C8092 /* ExtendedPatch+Apply.swift */ = {isa = PBXFileReference; fileEncoding = 4; lastKnownFileType = sourcecode.swift; path = "ExtendedPatch+Apply.swift"; sourceTree = "<group>"; };
		B0AE9FE0228BAE0B000C8092 /* LinkedList.swift */ = {isa = PBXFileReference; fileEncoding = 4; lastKnownFileType = sourcecode.swift; path = LinkedList.swift; sourceTree = "<group>"; };
		B0CA1F69229037D8008A7E07 /* Array Extensions.swift */ = {isa = PBXFileReference; lastKnownFileType = sourcecode.swift; path = "Array Extensions.swift"; sourceTree = "<group>"; };
		B0E0E2612287E544007E95D1 /* BlockChange.swift */ = {isa = PBXFileReference; lastKnownFileType = sourcecode.swift; path = BlockChange.swift; sourceTree = "<group>"; };
		B0EB13A422850091002C326A /* BlockView.swift */ = {isa = PBXFileReference; lastKnownFileType = sourcecode.swift; path = BlockView.swift; sourceTree = "<group>"; };
		B0EB13E7228562F4002C326A /* Block.swift */ = {isa = PBXFileReference; lastKnownFileType = sourcecode.swift; path = Block.swift; sourceTree = "<group>"; };
		B0EB13E922856CED002C326A /* Color.swift */ = {isa = PBXFileReference; lastKnownFileType = sourcecode.swift; path = Color.swift; sourceTree = "<group>"; };
		B0F3EA2A228FF82F00C968E7 /* DeletedBlock.swift */ = {isa = PBXFileReference; lastKnownFileType = sourcecode.swift; path = DeletedBlock.swift; sourceTree = "<group>"; };
/* End PBXFileReference section */

/* Begin PBXFrameworksBuildPhase section */
		B0462B042282BC67000522BB /* Frameworks */ = {
			isa = PBXFrameworksBuildPhase;
			buildActionMask = 2147483647;
			files = (
			);
			runOnlyForDeploymentPostprocessing = 0;
		};
		B0462B1C2282BC69000522BB /* Frameworks */ = {
			isa = PBXFrameworksBuildPhase;
			buildActionMask = 2147483647;
			files = (
			);
			runOnlyForDeploymentPostprocessing = 0;
		};
		B0462B272282BC69000522BB /* Frameworks */ = {
			isa = PBXFrameworksBuildPhase;
			buildActionMask = 2147483647;
			files = (
			);
			runOnlyForDeploymentPostprocessing = 0;
		};
/* End PBXFrameworksBuildPhase section */

/* Begin PBXGroup section */
		B0462AFE2282BC67000522BB = {
			isa = PBXGroup;
			children = (
				B0462B092282BC67000522BB /* Blocks */,
				B0462B122282BC67000522BB /* Main.storyboard */,
				B0462B222282BC69000522BB /* BlocksTests */,
				B0462B2D2282BC69000522BB /* BlocksUITests */,
				B0462B082282BC67000522BB /* Products */,
			);
			sourceTree = "<group>";
		};
		B0462B082282BC67000522BB /* Products */ = {
			isa = PBXGroup;
			children = (
				B0462B072282BC67000522BB /* Blocks.app */,
				B0462B1F2282BC69000522BB /* BlocksTests.xctest */,
				B0462B2A2282BC69000522BB /* BlocksUITests.xctest */,
			);
			name = Products;
			sourceTree = "<group>";
		};
		B0462B092282BC67000522BB /* Blocks */ = {
			isa = PBXGroup;
			children = (
				B0462B0A2282BC67000522BB /* AppDelegate.swift */,
				B0EB13E522855BA6002C326A /* Model */,
				B0EB13E422855B96002C326A /* Controller */,
				B0EB13E622855BC0002C326A /* View */,
				B0EB13EB22856CF4002C326A /* Helper */,
				B0AE9FD1228BAE0B000C8092 /* Differ */,
				B0462B152282BC69000522BB /* Assets.xcassets */,
				B0462B172282BC69000522BB /* LaunchScreen.storyboard */,
				B0462B1A2282BC69000522BB /* Info.plist */,
			);
			path = Blocks;
			sourceTree = "<group>";
		};
		B0462B222282BC69000522BB /* BlocksTests */ = {
			isa = PBXGroup;
			children = (
				B0462B232282BC69000522BB /* BlocksTests.swift */,
				B0462B252282BC69000522BB /* Info.plist */,
			);
			path = BlocksTests;
			sourceTree = "<group>";
		};
		B0462B2D2282BC69000522BB /* BlocksUITests */ = {
			isa = PBXGroup;
			children = (
				B0462B2E2282BC69000522BB /* BlocksUITests.swift */,
				B0462B302282BC69000522BB /* Info.plist */,
			);
			path = BlocksUITests;
			sourceTree = "<group>";
		};
		B0AE9FD1228BAE0B000C8092 /* Differ */ = {
			isa = PBXGroup;
			children = (
				B0AE9FD2228BAE0B000C8092 /* NestedExtendedDiff.swift */,
				B0AE9FD3228BAE0B000C8092 /* ExtendedPatch.swift */,
				B0AE9FD4228BAE0B000C8092 /* ExtendedDiff.swift */,
				B0AE9FD5228BAE0B000C8092 /* Diff+UIKit.swift */,
				B0AE9FD6228BAE0B000C8092 /* Diff.swift */,
				B0AE9FD7228BAE0B000C8092 /* NestedDiff.swift */,
				B0AE9FD8228BAE0B000C8092 /* GenericPatch.swift */,
				B0AE9FD9228BAE0B000C8092 /* Patch.swift */,
				B0AE9FDA228BAE0B000C8092 /* Diff+AppKit.swift */,
				B0AE9FDB228BAE0B000C8092 /* NestedBatchUpdate.swift */,
				B0AE9FDC228BAE0B000C8092 /* BatchUpdate.swift */,
				B0AE9FDD228BAE0B000C8092 /* Patch+Apply.swift */,
				B0AE9FDE228BAE0B000C8092 /* Patch+Sort.swift */,
				B0AE9FDF228BAE0B000C8092 /* ExtendedPatch+Apply.swift */,
				B0AE9FE0228BAE0B000C8092 /* LinkedList.swift */,
			);
			name = Differ;
			path = Sources/Differ;
			sourceTree = "<group>";
		};
		B0EB13E422855B96002C326A /* Controller */ = {
			isa = PBXGroup;
			children = (
				B0462B0C2282BC67000522BB /* DocumentBrowserViewController.swift */,
				B0462B0E2282BC67000522BB /* DocumentViewController.swift */,
			);
			path = Controller;
			sourceTree = "<group>";
		};
		B0EB13E522855BA6002C326A /* Model */ = {
			isa = PBXGroup;
			children = (
				B0462B102282BC67000522BB /* Document.swift */,
				B0EB13E7228562F4002C326A /* Block.swift */,
				B0F3EA2A228FF82F00C968E7 /* DeletedBlock.swift */,
				B0E0E2612287E544007E95D1 /* BlockChange.swift */,
			);
			path = Model;
			sourceTree = "<group>";
		};
		B0EB13E622855BC0002C326A /* View */ = {
			isa = PBXGroup;
			children = (
				B0EB13A422850091002C326A /* BlockView.swift */,
			);
			path = View;
			sourceTree = "<group>";
		};
		B0EB13EB22856CF4002C326A /* Helper */ = {
			isa = PBXGroup;
			children = (
				B0EB13E922856CED002C326A /* Color.swift */,
				B0CA1F69229037D8008A7E07 /* Array Extensions.swift */,
			);
			path = Helper;
			sourceTree = "<group>";
		};
/* End PBXGroup section */

/* Begin PBXNativeTarget section */
		B0462B062282BC67000522BB /* Blocks */ = {
			isa = PBXNativeTarget;
			buildConfigurationList = B0462B332282BC69000522BB /* Build configuration list for PBXNativeTarget "Blocks" */;
			buildPhases = (
				B0462B032282BC67000522BB /* Sources */,
				B0462B042282BC67000522BB /* Frameworks */,
				B0462B052282BC67000522BB /* Resources */,
			);
			buildRules = (
			);
			dependencies = (
			);
			name = Blocks;
			productName = Blocks;
			productReference = B0462B072282BC67000522BB /* Blocks.app */;
			productType = "com.apple.product-type.application";
		};
		B0462B1E2282BC69000522BB /* BlocksTests */ = {
			isa = PBXNativeTarget;
			buildConfigurationList = B0462B362282BC69000522BB /* Build configuration list for PBXNativeTarget "BlocksTests" */;
			buildPhases = (
				B0462B1B2282BC69000522BB /* Sources */,
				B0462B1C2282BC69000522BB /* Frameworks */,
				B0462B1D2282BC69000522BB /* Resources */,
			);
			buildRules = (
			);
			dependencies = (
				B0462B212282BC69000522BB /* PBXTargetDependency */,
			);
			name = BlocksTests;
			productName = BlocksTests;
			productReference = B0462B1F2282BC69000522BB /* BlocksTests.xctest */;
			productType = "com.apple.product-type.bundle.unit-test";
		};
		B0462B292282BC69000522BB /* BlocksUITests */ = {
			isa = PBXNativeTarget;
			buildConfigurationList = B0462B392282BC69000522BB /* Build configuration list for PBXNativeTarget "BlocksUITests" */;
			buildPhases = (
				B0462B262282BC69000522BB /* Sources */,
				B0462B272282BC69000522BB /* Frameworks */,
				B0462B282282BC69000522BB /* Resources */,
			);
			buildRules = (
			);
			dependencies = (
				B0462B2C2282BC69000522BB /* PBXTargetDependency */,
			);
			name = BlocksUITests;
			productName = BlocksUITests;
			productReference = B0462B2A2282BC69000522BB /* BlocksUITests.xctest */;
			productType = "com.apple.product-type.bundle.ui-testing";
		};
/* End PBXNativeTarget section */

/* Begin PBXProject section */
		B0462AFF2282BC67000522BB /* Project object */ = {
			isa = PBXProject;
			attributes = {
				LastSwiftUpdateCheck = 1020;
				LastUpgradeCheck = 1020;
				ORGANIZATIONNAME = "Chang Shen";
				TargetAttributes = {
					B0462B062282BC67000522BB = {
						CreatedOnToolsVersion = 10.2.1;
					};
					B0462B1E2282BC69000522BB = {
						CreatedOnToolsVersion = 10.2.1;
						TestTargetID = B0462B062282BC67000522BB;
					};
					B0462B292282BC69000522BB = {
						CreatedOnToolsVersion = 10.2.1;
						TestTargetID = B0462B062282BC67000522BB;
					};
				};
			};
			buildConfigurationList = B0462B022282BC67000522BB /* Build configuration list for PBXProject "Blocks" */;
			compatibilityVersion = "Xcode 9.3";
			developmentRegion = en;
			hasScannedForEncodings = 0;
			knownRegions = (
				en,
				Base,
			);
			mainGroup = B0462AFE2282BC67000522BB;
			productRefGroup = B0462B082282BC67000522BB /* Products */;
			projectDirPath = "";
			projectRoot = "";
			targets = (
				B0462B062282BC67000522BB /* Blocks */,
				B0462B1E2282BC69000522BB /* BlocksTests */,
				B0462B292282BC69000522BB /* BlocksUITests */,
			);
		};
/* End PBXProject section */

/* Begin PBXResourcesBuildPhase section */
		B0462B052282BC67000522BB /* Resources */ = {
			isa = PBXResourcesBuildPhase;
			buildActionMask = 2147483647;
			files = (
				B0462B192282BC69000522BB /* LaunchScreen.storyboard in Resources */,
				B0462B162282BC69000522BB /* Assets.xcassets in Resources */,
				B0462B142282BC67000522BB /* Main.storyboard in Resources */,
			);
			runOnlyForDeploymentPostprocessing = 0;
		};
		B0462B1D2282BC69000522BB /* Resources */ = {
			isa = PBXResourcesBuildPhase;
			buildActionMask = 2147483647;
			files = (
			);
			runOnlyForDeploymentPostprocessing = 0;
		};
		B0462B282282BC69000522BB /* Resources */ = {
			isa = PBXResourcesBuildPhase;
			buildActionMask = 2147483647;
			files = (
			);
			runOnlyForDeploymentPostprocessing = 0;
		};
/* End PBXResourcesBuildPhase section */

/* Begin PBXSourcesBuildPhase section */
		B0462B032282BC67000522BB /* Sources */ = {
			isa = PBXSourcesBuildPhase;
			buildActionMask = 2147483647;
			files = (
				B0462B112282BC67000522BB /* Document.swift in Sources */,
				B0AE9FE4228BAE0B000C8092 /* Diff+UIKit.swift in Sources */,
				B0CA1F6A229037D8008A7E07 /* Array Extensions.swift in Sources */,
				B0AE9FE2228BAE0B000C8092 /* ExtendedPatch.swift in Sources */,
				B0AE9FE5228BAE0B000C8092 /* Diff.swift in Sources */,
				B0AE9FE7228BAE0B000C8092 /* GenericPatch.swift in Sources */,
				B0AE9FEF228BAE0B000C8092 /* LinkedList.swift in Sources */,
				B0AE9FE1228BAE0B000C8092 /* NestedExtendedDiff.swift in Sources */,
				B0AE9FE8228BAE0B000C8092 /* Patch.swift in Sources */,
				B0AE9FE6228BAE0B000C8092 /* NestedDiff.swift in Sources */,
				B0462B0F2282BC67000522BB /* DocumentViewController.swift in Sources */,
				B0EB13EA22856CED002C326A /* Color.swift in Sources */,
				B0AE9FEE228BAE0B000C8092 /* ExtendedPatch+Apply.swift in Sources */,
				B0EB13A522850091002C326A /* BlockView.swift in Sources */,
				B0EB13E8228562F4002C326A /* Block.swift in Sources */,
				B0AE9FEA228BAE0B000C8092 /* NestedBatchUpdate.swift in Sources */,
				B0F3EA2B228FF82F00C968E7 /* DeletedBlock.swift in Sources */,
				B0AE9FEC228BAE0B000C8092 /* Patch+Apply.swift in Sources */,
				B0E0E2622287E544007E95D1 /* BlockChange.swift in Sources */,
				B0462B0D2282BC67000522BB /* DocumentBrowserViewController.swift in Sources */,
				B0AE9FEB228BAE0B000C8092 /* BatchUpdate.swift in Sources */,
				B0462B0B2282BC67000522BB /* AppDelegate.swift in Sources */,
				B0AE9FE3228BAE0B000C8092 /* ExtendedDiff.swift in Sources */,
				B0AE9FE9228BAE0B000C8092 /* Diff+AppKit.swift in Sources */,
				B0AE9FED228BAE0B000C8092 /* Patch+Sort.swift in Sources */,
			);
			runOnlyForDeploymentPostprocessing = 0;
		};
		B0462B1B2282BC69000522BB /* Sources */ = {
			isa = PBXSourcesBuildPhase;
			buildActionMask = 2147483647;
			files = (
				B0462B242282BC69000522BB /* BlocksTests.swift in Sources */,
			);
			runOnlyForDeploymentPostprocessing = 0;
		};
		B0462B262282BC69000522BB /* Sources */ = {
			isa = PBXSourcesBuildPhase;
			buildActionMask = 2147483647;
			files = (
				B0462B2F2282BC69000522BB /* BlocksUITests.swift in Sources */,
			);
			runOnlyForDeploymentPostprocessing = 0;
		};
/* End PBXSourcesBuildPhase section */

/* Begin PBXTargetDependency section */
		B0462B212282BC69000522BB /* PBXTargetDependency */ = {
			isa = PBXTargetDependency;
			target = B0462B062282BC67000522BB /* Blocks */;
			targetProxy = B0462B202282BC69000522BB /* PBXContainerItemProxy */;
		};
		B0462B2C2282BC69000522BB /* PBXTargetDependency */ = {
			isa = PBXTargetDependency;
			target = B0462B062282BC67000522BB /* Blocks */;
			targetProxy = B0462B2B2282BC69000522BB /* PBXContainerItemProxy */;
		};
/* End PBXTargetDependency section */

/* Begin PBXVariantGroup section */
		B0462B122282BC67000522BB /* Main.storyboard */ = {
			isa = PBXVariantGroup;
			children = (
				B0462B132282BC67000522BB /* Base */,
			);
			name = Main.storyboard;
			sourceTree = "<group>";
		};
		B0462B172282BC69000522BB /* LaunchScreen.storyboard */ = {
			isa = PBXVariantGroup;
			children = (
				B0462B182282BC69000522BB /* Base */,
			);
			name = LaunchScreen.storyboard;
			sourceTree = "<group>";
		};
/* End PBXVariantGroup section */

/* Begin XCBuildConfiguration section */
		B0462B312282BC69000522BB /* Debug */ = {
			isa = XCBuildConfiguration;
			buildSettings = {
				ALWAYS_SEARCH_USER_PATHS = NO;
				CLANG_ANALYZER_NONNULL = YES;
				CLANG_ANALYZER_NUMBER_OBJECT_CONVERSION = YES_AGGRESSIVE;
				CLANG_CXX_LANGUAGE_STANDARD = "gnu++14";
				CLANG_CXX_LIBRARY = "libc++";
				CLANG_ENABLE_MODULES = YES;
				CLANG_ENABLE_OBJC_ARC = YES;
				CLANG_ENABLE_OBJC_WEAK = YES;
				CLANG_WARN_BLOCK_CAPTURE_AUTORELEASING = YES;
				CLANG_WARN_BOOL_CONVERSION = YES;
				CLANG_WARN_COMMA = YES;
				CLANG_WARN_CONSTANT_CONVERSION = YES;
				CLANG_WARN_DEPRECATED_OBJC_IMPLEMENTATIONS = YES;
				CLANG_WARN_DIRECT_OBJC_ISA_USAGE = YES_ERROR;
				CLANG_WARN_DOCUMENTATION_COMMENTS = YES;
				CLANG_WARN_EMPTY_BODY = YES;
				CLANG_WARN_ENUM_CONVERSION = YES;
				CLANG_WARN_INFINITE_RECURSION = YES;
				CLANG_WARN_INT_CONVERSION = YES;
				CLANG_WARN_NON_LITERAL_NULL_CONVERSION = YES;
				CLANG_WARN_OBJC_IMPLICIT_RETAIN_SELF = YES;
				CLANG_WARN_OBJC_LITERAL_CONVERSION = YES;
				CLANG_WARN_OBJC_ROOT_CLASS = YES_ERROR;
				CLANG_WARN_RANGE_LOOP_ANALYSIS = YES;
				CLANG_WARN_STRICT_PROTOTYPES = YES;
				CLANG_WARN_SUSPICIOUS_MOVE = YES;
				CLANG_WARN_UNGUARDED_AVAILABILITY = YES_AGGRESSIVE;
				CLANG_WARN_UNREACHABLE_CODE = YES;
				CLANG_WARN__DUPLICATE_METHOD_MATCH = YES;
				CODE_SIGN_IDENTITY = "iPhone Developer";
				COPY_PHASE_STRIP = NO;
				DEBUG_INFORMATION_FORMAT = dwarf;
				ENABLE_STRICT_OBJC_MSGSEND = YES;
				ENABLE_TESTABILITY = YES;
				GCC_C_LANGUAGE_STANDARD = gnu11;
				GCC_DYNAMIC_NO_PIC = NO;
				GCC_NO_COMMON_BLOCKS = YES;
				GCC_OPTIMIZATION_LEVEL = 0;
				GCC_PREPROCESSOR_DEFINITIONS = (
					"DEBUG=1",
					"$(inherited)",
				);
				GCC_WARN_64_TO_32_BIT_CONVERSION = YES;
				GCC_WARN_ABOUT_RETURN_TYPE = YES_ERROR;
				GCC_WARN_UNDECLARED_SELECTOR = YES;
				GCC_WARN_UNINITIALIZED_AUTOS = YES_AGGRESSIVE;
				GCC_WARN_UNUSED_FUNCTION = YES;
				GCC_WARN_UNUSED_VARIABLE = YES;
				IPHONEOS_DEPLOYMENT_TARGET = 12.2;
				MTL_ENABLE_DEBUG_INFO = INCLUDE_SOURCE;
				MTL_FAST_MATH = YES;
				ONLY_ACTIVE_ARCH = YES;
				SDKROOT = iphoneos;
				SWIFT_ACTIVE_COMPILATION_CONDITIONS = DEBUG;
				SWIFT_OPTIMIZATION_LEVEL = "-Onone";
			};
			name = Debug;
		};
		B0462B322282BC69000522BB /* Release */ = {
			isa = XCBuildConfiguration;
			buildSettings = {
				ALWAYS_SEARCH_USER_PATHS = NO;
				CLANG_ANALYZER_NONNULL = YES;
				CLANG_ANALYZER_NUMBER_OBJECT_CONVERSION = YES_AGGRESSIVE;
				CLANG_CXX_LANGUAGE_STANDARD = "gnu++14";
				CLANG_CXX_LIBRARY = "libc++";
				CLANG_ENABLE_MODULES = YES;
				CLANG_ENABLE_OBJC_ARC = YES;
				CLANG_ENABLE_OBJC_WEAK = YES;
				CLANG_WARN_BLOCK_CAPTURE_AUTORELEASING = YES;
				CLANG_WARN_BOOL_CONVERSION = YES;
				CLANG_WARN_COMMA = YES;
				CLANG_WARN_CONSTANT_CONVERSION = YES;
				CLANG_WARN_DEPRECATED_OBJC_IMPLEMENTATIONS = YES;
				CLANG_WARN_DIRECT_OBJC_ISA_USAGE = YES_ERROR;
				CLANG_WARN_DOCUMENTATION_COMMENTS = YES;
				CLANG_WARN_EMPTY_BODY = YES;
				CLANG_WARN_ENUM_CONVERSION = YES;
				CLANG_WARN_INFINITE_RECURSION = YES;
				CLANG_WARN_INT_CONVERSION = YES;
				CLANG_WARN_NON_LITERAL_NULL_CONVERSION = YES;
				CLANG_WARN_OBJC_IMPLICIT_RETAIN_SELF = YES;
				CLANG_WARN_OBJC_LITERAL_CONVERSION = YES;
				CLANG_WARN_OBJC_ROOT_CLASS = YES_ERROR;
				CLANG_WARN_RANGE_LOOP_ANALYSIS = YES;
				CLANG_WARN_STRICT_PROTOTYPES = YES;
				CLANG_WARN_SUSPICIOUS_MOVE = YES;
				CLANG_WARN_UNGUARDED_AVAILABILITY = YES_AGGRESSIVE;
				CLANG_WARN_UNREACHABLE_CODE = YES;
				CLANG_WARN__DUPLICATE_METHOD_MATCH = YES;
				CODE_SIGN_IDENTITY = "iPhone Developer";
				COPY_PHASE_STRIP = NO;
				DEBUG_INFORMATION_FORMAT = "dwarf-with-dsym";
				ENABLE_NS_ASSERTIONS = NO;
				ENABLE_STRICT_OBJC_MSGSEND = YES;
				GCC_C_LANGUAGE_STANDARD = gnu11;
				GCC_NO_COMMON_BLOCKS = YES;
				GCC_WARN_64_TO_32_BIT_CONVERSION = YES;
				GCC_WARN_ABOUT_RETURN_TYPE = YES_ERROR;
				GCC_WARN_UNDECLARED_SELECTOR = YES;
				GCC_WARN_UNINITIALIZED_AUTOS = YES_AGGRESSIVE;
				GCC_WARN_UNUSED_FUNCTION = YES;
				GCC_WARN_UNUSED_VARIABLE = YES;
				IPHONEOS_DEPLOYMENT_TARGET = 12.2;
				MTL_ENABLE_DEBUG_INFO = NO;
				MTL_FAST_MATH = YES;
				SDKROOT = iphoneos;
				SWIFT_COMPILATION_MODE = wholemodule;
				SWIFT_OPTIMIZATION_LEVEL = "-O";
				VALIDATE_PRODUCT = YES;
			};
			name = Release;
		};
		B0462B342282BC69000522BB /* Debug */ = {
			isa = XCBuildConfiguration;
			buildSettings = {
				ASSETCATALOG_COMPILER_APPICON_NAME = AppIcon;
				CODE_SIGN_STYLE = Automatic;
				DEVELOPMENT_TEAM = P87UN8JYS9;
				INFOPLIST_FILE = Blocks/Info.plist;
				IPHONEOS_DEPLOYMENT_TARGET = 12.1;
				LD_RUNPATH_SEARCH_PATHS = (
					"$(inherited)",
					"@executable_path/Frameworks",
				);
				PRODUCT_BUNDLE_IDENTIFIER = com.changshen.Blocks;
				PRODUCT_NAME = "$(TARGET_NAME)";
				SWIFT_VERSION = 5.0;
				TARGETED_DEVICE_FAMILY = "1,2";
			};
			name = Debug;
		};
		B0462B352282BC69000522BB /* Release */ = {
			isa = XCBuildConfiguration;
			buildSettings = {
				ASSETCATALOG_COMPILER_APPICON_NAME = AppIcon;
				CODE_SIGN_STYLE = Automatic;
				DEVELOPMENT_TEAM = P87UN8JYS9;
				INFOPLIST_FILE = Blocks/Info.plist;
				IPHONEOS_DEPLOYMENT_TARGET = 12.1;
				LD_RUNPATH_SEARCH_PATHS = (
					"$(inherited)",
					"@executable_path/Frameworks",
				);
				PRODUCT_BUNDLE_IDENTIFIER = com.changshen.Blocks;
				PRODUCT_NAME = "$(TARGET_NAME)";
				SWIFT_VERSION = 5.0;
				TARGETED_DEVICE_FAMILY = "1,2";
			};
			name = Release;
		};
		B0462B372282BC69000522BB /* Debug */ = {
			isa = XCBuildConfiguration;
			buildSettings = {
				ALWAYS_EMBED_SWIFT_STANDARD_LIBRARIES = YES;
				BUNDLE_LOADER = "$(TEST_HOST)";
				CODE_SIGN_STYLE = Automatic;
				DEVELOPMENT_TEAM = P87UN8JYS9;
				INFOPLIST_FILE = BlocksTests/Info.plist;
				LD_RUNPATH_SEARCH_PATHS = (
					"$(inherited)",
					"@executable_path/Frameworks",
					"@loader_path/Frameworks",
				);
				PRODUCT_BUNDLE_IDENTIFIER = com.changshen.BlocksTests;
				PRODUCT_NAME = "$(TARGET_NAME)";
				SWIFT_VERSION = 5.0;
				TARGETED_DEVICE_FAMILY = "1,2";
				TEST_HOST = "$(BUILT_PRODUCTS_DIR)/Blocks.app/Blocks";
			};
			name = Debug;
		};
		B0462B382282BC69000522BB /* Release */ = {
			isa = XCBuildConfiguration;
			buildSettings = {
				ALWAYS_EMBED_SWIFT_STANDARD_LIBRARIES = YES;
				BUNDLE_LOADER = "$(TEST_HOST)";
				CODE_SIGN_STYLE = Automatic;
				DEVELOPMENT_TEAM = P87UN8JYS9;
				INFOPLIST_FILE = BlocksTests/Info.plist;
				LD_RUNPATH_SEARCH_PATHS = (
					"$(inherited)",
					"@executable_path/Frameworks",
					"@loader_path/Frameworks",
				);
				PRODUCT_BUNDLE_IDENTIFIER = com.changshen.BlocksTests;
				PRODUCT_NAME = "$(TARGET_NAME)";
				SWIFT_VERSION = 5.0;
				TARGETED_DEVICE_FAMILY = "1,2";
				TEST_HOST = "$(BUILT_PRODUCTS_DIR)/Blocks.app/Blocks";
			};
			name = Release;
		};
		B0462B3A2282BC69000522BB /* Debug */ = {
			isa = XCBuildConfiguration;
			buildSettings = {
				ALWAYS_EMBED_SWIFT_STANDARD_LIBRARIES = YES;
				CODE_SIGN_STYLE = Automatic;
				DEVELOPMENT_TEAM = P87UN8JYS9;
				INFOPLIST_FILE = BlocksUITests/Info.plist;
				LD_RUNPATH_SEARCH_PATHS = (
					"$(inherited)",
					"@executable_path/Frameworks",
					"@loader_path/Frameworks",
				);
				PRODUCT_BUNDLE_IDENTIFIER = com.changshen.BlocksUITests;
				PRODUCT_NAME = "$(TARGET_NAME)";
				SWIFT_VERSION = 5.0;
				TARGETED_DEVICE_FAMILY = "1,2";
				TEST_TARGET_NAME = Blocks;
			};
			name = Debug;
		};
		B0462B3B2282BC69000522BB /* Release */ = {
			isa = XCBuildConfiguration;
			buildSettings = {
				ALWAYS_EMBED_SWIFT_STANDARD_LIBRARIES = YES;
				CODE_SIGN_STYLE = Automatic;
				DEVELOPMENT_TEAM = P87UN8JYS9;
				INFOPLIST_FILE = BlocksUITests/Info.plist;
				LD_RUNPATH_SEARCH_PATHS = (
					"$(inherited)",
					"@executable_path/Frameworks",
					"@loader_path/Frameworks",
				);
				PRODUCT_BUNDLE_IDENTIFIER = com.changshen.BlocksUITests;
				PRODUCT_NAME = "$(TARGET_NAME)";
				SWIFT_VERSION = 5.0;
				TARGETED_DEVICE_FAMILY = "1,2";
				TEST_TARGET_NAME = Blocks;
			};
			name = Release;
		};
/* End XCBuildConfiguration section */

/* Begin XCConfigurationList section */
		B0462B022282BC67000522BB /* Build configuration list for PBXProject "Blocks" */ = {
			isa = XCConfigurationList;
			buildConfigurations = (
				B0462B312282BC69000522BB /* Debug */,
				B0462B322282BC69000522BB /* Release */,
			);
			defaultConfigurationIsVisible = 0;
			defaultConfigurationName = Release;
		};
		B0462B332282BC69000522BB /* Build configuration list for PBXNativeTarget "Blocks" */ = {
			isa = XCConfigurationList;
			buildConfigurations = (
				B0462B342282BC69000522BB /* Debug */,
				B0462B352282BC69000522BB /* Release */,
			);
			defaultConfigurationIsVisible = 0;
			defaultConfigurationName = Release;
		};
		B0462B362282BC69000522BB /* Build configuration list for PBXNativeTarget "BlocksTests" */ = {
			isa = XCConfigurationList;
			buildConfigurations = (
				B0462B372282BC69000522BB /* Debug */,
				B0462B382282BC69000522BB /* Release */,
			);
			defaultConfigurationIsVisible = 0;
			defaultConfigurationName = Release;
		};
		B0462B392282BC69000522BB /* Build configuration list for PBXNativeTarget "BlocksUITests" */ = {
			isa = XCConfigurationList;
			buildConfigurations = (
				B0462B3A2282BC69000522BB /* Debug */,
				B0462B3B2282BC69000522BB /* Release */,
			);
			defaultConfigurationIsVisible = 0;
			defaultConfigurationName = Release;
		};
/* End XCConfigurationList section */
	};
	rootObject = B0462AFF2282BC67000522BB /* Project object */;
}
